
Microsoft Visual Studio Solution File, Format Version 12.00
# Visual Studio Version 17
VisualStudioVersion = 17.7.34202.233
MinimumVisualStudioVersion = 10.0.40219.1
Project("{FAE04EC0-301F-11D3-BF4B-00C04F79EFBC}") = "Carshop", "Carshop\Carshop.csproj", "{F5D2B685-411E-46FC-8400-55432812B187}"
EndProject
Global
	GlobalSection(SolutionConfigurationPlatforms) = preSolution
		Debug|Any CPU = Debug|Any CPU
		Release|Any CPU = Release|Any CPU
	EndGlobalSection
	GlobalSection(ProjectConfigurationPlatforms) = postSolution
		{F5D2B685-411E-46FC-8400-55432812B187}.Debug|Any CPU.ActiveCfg = Debug|Any CPU
		{F5D2B685-411E-46FC-8400-55432812B187}.Debug|Any CPU.Build.0 = Debug|Any CPU
		{F5D2B685-411E-46FC-8400-55432812B187}.Release|Any CPU.ActiveCfg = Release|Any CPU
		{F5D2B685-411E-46FC-8400-55432812B187}.Release|Any CPU.Build.0 = Release|Any CPU
	EndGlobalSection
	GlobalSection(SolutionProperties) = preSolution
		HideSolutionNode = FALSE
	EndGlobalSection
	GlobalSection(ExtensibilityGlobals) = postSolution
		SolutionGuid = {FF75F68A-CE26-4BFE-BB47-E6FBEF062173}
	EndGlobalSection
EndGlobal
